
Microsoft Visual Studio Solution File, Format Version 12.00
# Visual Studio Version 16
VisualStudioVersion = 16.0.30907.101
MinimumVisualStudioVersion = 10.0.40219.1
Project("{9A19103F-16F7-4668-BE54-9A1E7A4F7556}") = "MinhaConexao", "WebApplication2\MinhaConexao.csproj", "{28778415-69FC-497D-BA35-F0E261B186E6}"
EndProject
Project("{9A19103F-16F7-4668-BE54-9A1E7A4F7556}") = "Conexao.Domain", "Conexao_.Domain\Conexao.Domain.csproj", "{98A099A4-78CF-4E0A-82F0-2EAE59AB9169}"
EndProject
Project("{FAE04EC0-301F-11D3-BF4B-00C04F79EFBC}") = "MinhaPrimeiraConexao.Data", "MinhaPrimeiraConexao.Data\MinhaPrimeiraConexao.Data.csproj", "{4697E386-5DF2-472A-AF90-3BCE30419A88}"
EndProject
Global
	GlobalSection(SolutionConfigurationPlatforms) = preSolution
		Debug|Any CPU = Debug|Any CPU
		Release|Any CPU = Release|Any CPU
	EndGlobalSection
	GlobalSection(ProjectConfigurationPlatforms) = postSolution
		{28778415-69FC-497D-BA35-F0E261B186E6}.Debug|Any CPU.ActiveCfg = Debug|Any CPU
		{28778415-69FC-497D-BA35-F0E261B186E6}.Debug|Any CPU.Build.0 = Debug|Any CPU
		{28778415-69FC-497D-BA35-F0E261B186E6}.Release|Any CPU.ActiveCfg = Release|Any CPU
		{28778415-69FC-497D-BA35-F0E261B186E6}.Release|Any CPU.Build.0 = Release|Any CPU
		{98A099A4-78CF-4E0A-82F0-2EAE59AB9169}.Debug|Any CPU.ActiveCfg = Debug|Any CPU
		{98A099A4-78CF-4E0A-82F0-2EAE59AB9169}.Debug|Any CPU.Build.0 = Debug|Any CPU
		{98A099A4-78CF-4E0A-82F0-2EAE59AB9169}.Release|Any CPU.ActiveCfg = Release|Any CPU
		{98A099A4-78CF-4E0A-82F0-2EAE59AB9169}.Release|Any CPU.Build.0 = Release|Any CPU
		{4697E386-5DF2-472A-AF90-3BCE30419A88}.Debug|Any CPU.ActiveCfg = Debug|Any CPU
		{4697E386-5DF2-472A-AF90-3BCE30419A88}.Debug|Any CPU.Build.0 = Debug|Any CPU
		{4697E386-5DF2-472A-AF90-3BCE30419A88}.Release|Any CPU.ActiveCfg = Release|Any CPU
		{4697E386-5DF2-472A-AF90-3BCE30419A88}.Release|Any CPU.Build.0 = Release|Any CPU
	EndGlobalSection
	GlobalSection(SolutionProperties) = preSolution
		HideSolutionNode = FALSE
	EndGlobalSection
	GlobalSection(ExtensibilityGlobals) = postSolution
		SolutionGuid = {513DE839-99C0-47E8-93A2-0E302E2E5681}
	EndGlobalSection
EndGlobal
